
Microsoft Visual Studio Solution File, Format Version 12.00
# Visual Studio 15
Project("{FAE04EC0-301F-11D3-BF4B-00C04F79EFBC}") = "TestMakerFreeWeb", "TestMakerFreeWeb.csproj", "{25655621-485D-4416-8131-836A4D076D60}"
EndProject
Global
	GlobalSection(SolutionConfigurationPlatforms) = preSolution
		Debug|Any CPU = Debug|Any CPU
		Release|Any CPU = Release|Any CPU
	EndGlobalSection
	GlobalSection(ProjectConfigurationPlatforms) = postSolution
		{25655621-485D-4416-8131-836A4D076D60}.Debug|Any CPU.ActiveCfg = Debug|Any CPU
		{25655621-485D-4416-8131-836A4D076D60}.Debug|Any CPU.Build.0 = Debug|Any CPU
		{25655621-485D-4416-8131-836A4D076D60}.Release|Any CPU.ActiveCfg = Release|Any CPU
		{25655621-485D-4416-8131-836A4D076D60}.Release|Any CPU.Build.0 = Release|Any CPU
	EndGlobalSection
EndGlobal
